schema: '2.0'
stages:
  load:
    cmd: python src/loader.py
    deps:
    - path: Data/raw
      hash: md5
      md5: 924e2bd8cd265eee8635f615d43516d2.dir
      size: 149316359
      nfiles: 38
    - path: src/loader.py
      hash: md5
      md5: 2c4fbe4929aff231ffa4634b9ba6e52b
      size: 1804
    outs:
    - path: Data/processed/AllTrips.csv
      hash: md5
      md5: d54f64ecfb74cc897839a7072d81fc2d
      size: 165968794
  validate:
    cmd: python src/validation.py
    deps:
    - path: Data/processed/AllTrips.csv
      hash: md5
      md5: d54f64ecfb74cc897839a7072d81fc2d
      size: 165968794
    - path: src/validation.py
      hash: md5
      md5: 10704f6d19b743c9b6a0182b114e49b0
      size: 2538
  preprocess:
    cmd: python src/preprocessing.py
    deps:
    - path: Data/processed/AllTrips.csv
      hash: md5
      md5: d54f64ecfb74cc897839a7072d81fc2d
      size: 165968794
    - path: src/preprocessing.py
      hash: md5
      md5: f6583e88e081eb831b484fb613acbde1
      size: 4991
    outs:
    - path: Data/processed/processed_trip_data.csv
      hash: md5
      md5: 3513230f8ed633b40649736c70c7f67c
      size: 72380875
  model_training:
    cmd: python src/model_training.py
    deps:
    - path: Data/processed/processed_trip_data.csv
      hash: md5
      md5: 3513230f8ed633b40649736c70c7f67c
      size: 72380875
    - path: params.yaml
      hash: md5
      md5: 25a009bc99d1681f9eb9dada94cff695
      size: 214
    - path: src/model_training.py
      hash: md5
      md5: 4eb8a419500d60cf7573ef090871cb02
      size: 4789
    outs:
    - path: Models/xgb_model.pkl
      hash: md5
      md5: f594f08315b6df246efa1528a722f4d6
      size: 8594218
