schema: '2.0'
stages:
  load:
    cmd: python src/loader.py
    deps:
    - path: Data/raw
      hash: md5
      md5: 924e2bd8cd265eee8635f615d43516d2.dir
      size: 149316359
      nfiles: 38
    - path: src/loader.py
      hash: md5
      md5: 2c4fbe4929aff231ffa4634b9ba6e52b
      size: 1804
    outs:
    - path: Data/processed/AllTrips.csv
      hash: md5
      md5: d54f64ecfb74cc897839a7072d81fc2d
      size: 165968794
  validate:
    cmd: python src/validation.py
    deps:
    - path: Data/processed/AllTrips.csv
      hash: md5
      md5: d54f64ecfb74cc897839a7072d81fc2d
      size: 165968794
    - path: src/validation.py
      hash: md5
      md5: 10704f6d19b743c9b6a0182b114e49b0
      size: 2538
  preprocess:
    cmd: python src/preprocessing.py
    deps:
    - path: Data/processed/AllTrips.csv
      hash: md5
      md5: d54f64ecfb74cc897839a7072d81fc2d
      size: 165968794
    - path: src/preprocessing.py
      hash: md5
      md5: 30249e426a7e6c269472ac7f7d42f599
      size: 5066
    outs:
    - path: Data/processed/processed_trip_data.csv
      hash: md5
      md5: 3513230f8ed633b40649736c70c7f67c
      size: 72380875
  model_training:
    cmd: python src/model_training.py
    deps:
    - path: Data/processed/processed_trip_data.csv
      hash: md5
      md5: 3513230f8ed633b40649736c70c7f67c
      size: 72380875
    - path: params.yaml
      hash: md5
      md5: 25a009bc99d1681f9eb9dada94cff695
      size: 214
    - path: src/model_training.py
      hash: md5
      md5: 4eb8a419500d60cf7573ef090871cb02
      size: 4789
    outs:
    - path: Models/xgb_model.pkl
      hash: md5
      md5: f594f08315b6df246efa1528a722f4d6
      size: 8594218
  model_training_xgb:
    cmd: python src/model_training_xgboost.py
    deps:
    - path: Data/processed/processed_trip_data.csv
      hash: md5
      md5: 3513230f8ed633b40649736c70c7f67c
      size: 72380875
    - path: params.yaml
      hash: md5
      md5: 2b59e36b16f19bff6c167e84c94318a9
      size: 167
    - path: src/model_training_xgboost.py
      hash: md5
      md5: 54f3bc8e1fd46dd3aab7f4adc02922bb
      size: 5421
    outs:
    - path: Metrics/xgb_metrics.json
      hash: md5
      md5: 35ee29ed584b7f7a942a30c4fbb8339c
      size: 273
    - path: Models/xgb_model.pkl
      hash: md5
      md5: 41dc81c44c66950066efd45aa8300b29
      size: 8600611
  model_training_nn:
    cmd: python src/model_training_nn.py
    deps:
    - path: Data/processed/processed_trip_data.csv
      hash: md5
      md5: 3513230f8ed633b40649736c70c7f67c
      size: 72380875
    - path: params.yaml
      hash: md5
      md5: 2b59e36b16f19bff6c167e84c94318a9
      size: 167
    - path: src/model_training_nn.py
      hash: md5
      md5: 53e23aff4485b2d6551e38ad9d6ef721
      size: 4970
    outs:
    - path: Metrics/nn_metrics.json
      hash: md5
      md5: da6fe6dcd404fd4462026d34721110ba
      size: 239
    - path: Models/nn_model.pth
      hash: md5
      md5: cb8db8bc16ba15f38a226c2f9229a155
      size: 141409
